{
  "version": 1,
  "dependencies": {
    "net10.0": {
      "FParsec": {
        "type": "Direct",
        "requested": "[1.1.1, )",
        "resolved": "1.1.1",
        "contentHash": "Wdjf/gCNLEwd+0nUCDh9jAIIcKGwfhRramySTnTcVVgNC6i4Vp5aJklUJJfvFkEZMYNZEDGcI8pCa36/TmwmSg==",
        "dependencies": {
          "FSharp.Core": "4.3.4"
        }
      },
      "FSharp.Core": {
        "type": "Direct",
        "requested": "[10.1.302, )",
        "resolved": "10.1.302",
        "contentHash": "wFeXgAqIWoV1Hr++7HjtlmKGA/ft9/1XAJIvOtDNDYGuKyr+/k7b11ZEnj0aNNjicpHSsRsOcubgTqiDI12EUg=="
      },
      "Microsoft.DotNet.ILCompiler.LLVM": {
        "type": "Direct",
        "requested": "[10.0.0-*, )",
        "resolved": "10.0.0-rc.1.26357.1",
        "contentHash": "XrIZBfXRkiJX15BQUuMKui65GzhFtS/xfTvt0ueWup0kPvwIma4xXyS9aJJkcqsBrU8vHttcNREOx1rdg/WCKw=="
      },
      "Microsoft.NET.ILLink.Tasks": {
        "type": "Direct",
        "requested": "[10.0.10, )",
        "resolved": "10.0.10",
        "contentHash": "f5VCIE7AJpd5YvzNTeMGVzQIgyE9tX+AreTYwQF+REbu+DZo/2Ae+jNSwhPEYrVz6RRkd7y8ubXjk6Nn6Ka+Cg=="
      },
      "runtime.linux-x64.Microsoft.DotNet.ILCompiler.LLVM": {
        "type": "Direct",
        "requested": "[10.0.0-*, )",
        "resolved": "10.0.0-rc.1.26357.1",
        "contentHash": "t1iJrnQA/65PemG1ZAHtvdGhtdpXe1gtUlPX/dqmbrE4uwIWJAKxvHba59ct2mC0HEaGxWb67PkIk68CMgX4Qg=="
      }
    },
    "net10.0/browser-wasm": {
      "Microsoft.DotNet.ILCompiler.LLVM": {
        "type": "Direct",
        "requested": "[10.0.0-*, )",
        "resolved": "10.0.0-rc.1.26357.1",
        "contentHash": "XrIZBfXRkiJX15BQUuMKui65GzhFtS/xfTvt0ueWup0kPvwIma4xXyS9aJJkcqsBrU8vHttcNREOx1rdg/WCKw==",
        "dependencies": {
          "runtime.browser-wasm.Microsoft.DotNet.ILCompiler.LLVM": "10.0.0-rc.1.26357.1"
        }
      },
      "runtime.browser-wasm.Microsoft.DotNet.ILCompiler.LLVM": {
        "type": "Transitive",
        "resolved": "10.0.0-rc.1.26357.1",
        "contentHash": "aSmhsGDMsAnMPxT18btcanqanmc0VWTHyQ1lRuJZCtT9ivRu9s0HhG4VWXcXSUs3kDNEY75Ps7DEiI48gnTl5A=="
      }
    }
  }
}